
Microsoft Visual Studio Solution File, Format Version 12.00
# Visual Studio 15
VisualStudioVersion = 15.0.28307.902
MinimumVisualStudioVersion = 10.0.40219.1
Project("{9A19103F-16F7-4668-BE54-9A1E7A4F7556}") = "DevopsBankApi", "DevopsBankApi\DevopsBankApi.csproj", "{156C99F6-3B77-46A1-9F4D-C3899E42F3D8}"
EndProject
Project("{FAE04EC0-301F-11D3-BF4B-00C04F79EFBC}") = "XUnitDevopsBank", "XUnitDevopsBank\XUnitDevopsBank.csproj", "{9B6FC482-94FB-4C6B-A028-F6B0AC58CA49}"
EndProject
Global
	GlobalSection(SolutionConfigurationPlatforms) = preSolution
		Debug|Any CPU = Debug|Any CPU
		Release|Any CPU = Release|Any CPU
	EndGlobalSection
	GlobalSection(ProjectConfigurationPlatforms) = postSolution
		{156C99F6-3B77-46A1-9F4D-C3899E42F3D8}.Debug|Any CPU.ActiveCfg = Debug|Any CPU
		{156C99F6-3B77-46A1-9F4D-C3899E42F3D8}.Debug|Any CPU.Build.0 = Debug|Any CPU
		{156C99F6-3B77-46A1-9F4D-C3899E42F3D8}.Release|Any CPU.ActiveCfg = Release|Any CPU
		{156C99F6-3B77-46A1-9F4D-C3899E42F3D8}.Release|Any CPU.Build.0 = Release|Any CPU
		{9B6FC482-94FB-4C6B-A028-F6B0AC58CA49}.Debug|Any CPU.ActiveCfg = Debug|Any CPU
		{9B6FC482-94FB-4C6B-A028-F6B0AC58CA49}.Debug|Any CPU.Build.0 = Debug|Any CPU
		{9B6FC482-94FB-4C6B-A028-F6B0AC58CA49}.Release|Any CPU.ActiveCfg = Release|Any CPU
		{9B6FC482-94FB-4C6B-A028-F6B0AC58CA49}.Release|Any CPU.Build.0 = Release|Any CPU
	EndGlobalSection
	GlobalSection(SolutionProperties) = preSolution
		HideSolutionNode = FALSE
	EndGlobalSection
	GlobalSection(ExtensibilityGlobals) = postSolution
		SolutionGuid = {7F8DDA73-F50C-4A29-A2C3-74DFCC48EAF0}
	EndGlobalSection
EndGlobal
